
Microsoft Visual Studio Solution File, Format Version 12.00
# Visual Studio 15
VisualStudioVersion = 15.0.27130.2010
MinimumVisualStudioVersion = 10.0.40219.1
Project("{FAE04EC0-301F-11D3-BF4B-00C04F79EFBC}") = "SUPER_MEGA_COOL_EXTREME_ULTIMATE_PROJECT", "SUPER_MEGA_COOL_EXTREME_ULTIMATE_PROJECT\SUPER_MEGA_COOL_EXTREME_ULTIMATE_PROJECT.csproj", "{F0E810A4-BAA2-4C47-806F-1834B31AF4A1}"
EndProject
Project("{FAE04EC0-301F-11D3-BF4B-00C04F79EFBC}") = "SUPER_MEGA_COOL_EXTREME_ULTIMATE_PROJECTTests", "SUPER_MEGA_COOL_EXTREME_ULTIMATE_PROJECTTests\SUPER_MEGA_COOL_EXTREME_ULTIMATE_PROJECTTests.csproj", "{8592A1B4-EB16-45E8-8415-00BDEFDA89FC}"
EndProject
Global
	GlobalSection(SolutionConfigurationPlatforms) = preSolution
		Debug|Any CPU = Debug|Any CPU
		Release|Any CPU = Release|Any CPU
	EndGlobalSection
	GlobalSection(ProjectConfigurationPlatforms) = postSolution
		{F0E810A4-BAA2-4C47-806F-1834B31AF4A1}.Debug|Any CPU.ActiveCfg = Debug|Any CPU
		{F0E810A4-BAA2-4C47-806F-1834B31AF4A1}.Debug|Any CPU.Build.0 = Debug|Any CPU
		{F0E810A4-BAA2-4C47-806F-1834B31AF4A1}.Release|Any CPU.ActiveCfg = Release|Any CPU
		{F0E810A4-BAA2-4C47-806F-1834B31AF4A1}.Release|Any CPU.Build.0 = Release|Any CPU
		{8592A1B4-EB16-45E8-8415-00BDEFDA89FC}.Debug|Any CPU.ActiveCfg = Debug|Any CPU
		{8592A1B4-EB16-45E8-8415-00BDEFDA89FC}.Debug|Any CPU.Build.0 = Debug|Any CPU
		{8592A1B4-EB16-45E8-8415-00BDEFDA89FC}.Release|Any CPU.ActiveCfg = Release|Any CPU
		{8592A1B4-EB16-45E8-8415-00BDEFDA89FC}.Release|Any CPU.Build.0 = Release|Any CPU
	EndGlobalSection
	GlobalSection(SolutionProperties) = preSolution
		HideSolutionNode = FALSE
	EndGlobalSection
	GlobalSection(ExtensibilityGlobals) = postSolution
		SolutionGuid = {9A990219-23E2-4B97-9102-83F4030E69F5}
	EndGlobalSection
EndGlobal
